
Microsoft Visual Studio Solution File, Format Version 11.00
# Visual Studio 2010
Project("{FAE04EC0-301F-11D3-BF4B-00C04F79EFBC}") = "SharpArchitecture.MultiTenant.Core", "app\SharpArchitecture-MultiTenant.Core\SharpArchitecture.MultiTenant.Core.csproj", "{7696B4F6-2A10-40C4-A1E2-B9768182588C}"
EndProject
Project("{FAE04EC0-301F-11D3-BF4B-00C04F79EFBC}") = "SharpArchitecture.MultiTenant.ApplicationServices", "app\SharpArchitecture-MultiTenant.ApplicationServices\SharpArchitecture.MultiTenant.ApplicationServices.csproj", "{EA00777D-3D7A-4406-8BFB-E5A90CF0E8A9}"
EndProject
Project("{FAE04EC0-301F-11D3-BF4B-00C04F79EFBC}") = "SharpArchitecture.MultiTenant.Data", "app\SharpArchitecture-MultiTenant.Data\SharpArchitecture.MultiTenant.Data.csproj", "{63E9AECE-3385-44F0-BDF9-4C01DD3C0647}"
EndProject
Project("{FAE04EC0-301F-11D3-BF4B-00C04F79EFBC}") = "SharpArchitecture.MultiTenant.Web.Controllers", "app\SharpArchitecture-MultiTenant.Web.Controllers\SharpArchitecture.MultiTenant.Web.Controllers.csproj", "{518B2E4B-2B9B-48EF-8736-DDB6A0F78E79}"
EndProject
Project("{FAE04EC0-301F-11D3-BF4B-00C04F79EFBC}") = "SharpArchitecture.MultiTenant.Tests", "tests\SharpArchitecture-MultiTenant.Tests\SharpArchitecture.MultiTenant.Tests.csproj", "{A909BF90-3A0F-4CB9-9D78-44328589BF2C}"
EndProject
Project("{FAE04EC0-301F-11D3-BF4B-00C04F79EFBC}") = "SharpArchitecture.MultiTenant.Web", "app\SharpArchitecture-MultiTenant.Web\SharpArchitecture.MultiTenant.Web.csproj", "{CD10C59F-658A-4297-9E52-A431B2E32EE0}"
EndProject
Project("{FAE04EC0-301F-11D3-BF4B-00C04F79EFBC}") = "SharpArchitecture-MultiTenant.Framework", "app\SharpArchitecture-MultiTenant.Framework\SharpArchitecture.MultiTenant.Framework.csproj", "{F5A0D972-5870-4EB8-8400-F7F2435AE11C}"
EndProject
Global
	GlobalSection(SolutionConfigurationPlatforms) = preSolution
		Debug|Any CPU = Debug|Any CPU
		Release|Any CPU = Release|Any CPU
	EndGlobalSection
	GlobalSection(ProjectConfigurationPlatforms) = postSolution
		{7696B4F6-2A10-40C4-A1E2-B9768182588C}.Debug|Any CPU.ActiveCfg = Debug|Any CPU
		{7696B4F6-2A10-40C4-A1E2-B9768182588C}.Debug|Any CPU.Build.0 = Debug|Any CPU
		{7696B4F6-2A10-40C4-A1E2-B9768182588C}.Release|Any CPU.ActiveCfg = Release|Any CPU
		{7696B4F6-2A10-40C4-A1E2-B9768182588C}.Release|Any CPU.Build.0 = Release|Any CPU
		{EA00777D-3D7A-4406-8BFB-E5A90CF0E8A9}.Debug|Any CPU.ActiveCfg = Debug|Any CPU
		{EA00777D-3D7A-4406-8BFB-E5A90CF0E8A9}.Debug|Any CPU.Build.0 = Debug|Any CPU
		{EA00777D-3D7A-4406-8BFB-E5A90CF0E8A9}.Release|Any CPU.ActiveCfg = Release|Any CPU
		{EA00777D-3D7A-4406-8BFB-E5A90CF0E8A9}.Release|Any CPU.Build.0 = Release|Any CPU
		{63E9AECE-3385-44F0-BDF9-4C01DD3C0647}.Debug|Any CPU.ActiveCfg = Debug|Any CPU
		{63E9AECE-3385-44F0-BDF9-4C01DD3C0647}.Debug|Any CPU.Build.0 = Debug|Any CPU
		{63E9AECE-3385-44F0-BDF9-4C01DD3C0647}.Release|Any CPU.ActiveCfg = Release|Any CPU
		{63E9AECE-3385-44F0-BDF9-4C01DD3C0647}.Release|Any CPU.Build.0 = Release|Any CPU
		{518B2E4B-2B9B-48EF-8736-DDB6A0F78E79}.Debug|Any CPU.ActiveCfg = Debug|Any CPU
		{518B2E4B-2B9B-48EF-8736-DDB6A0F78E79}.Debug|Any CPU.Build.0 = Debug|Any CPU
		{518B2E4B-2B9B-48EF-8736-DDB6A0F78E79}.Release|Any CPU.ActiveCfg = Release|Any CPU
		{518B2E4B-2B9B-48EF-8736-DDB6A0F78E79}.Release|Any CPU.Build.0 = Release|Any CPU
		{A909BF90-3A0F-4CB9-9D78-44328589BF2C}.Debug|Any CPU.ActiveCfg = Debug|Any CPU
		{A909BF90-3A0F-4CB9-9D78-44328589BF2C}.Debug|Any CPU.Build.0 = Debug|Any CPU
		{A909BF90-3A0F-4CB9-9D78-44328589BF2C}.Release|Any CPU.ActiveCfg = Release|Any CPU
		{A909BF90-3A0F-4CB9-9D78-44328589BF2C}.Release|Any CPU.Build.0 = Release|Any CPU
		{CD10C59F-658A-4297-9E52-A431B2E32EE0}.Debug|Any CPU.ActiveCfg = Debug|Any CPU
		{CD10C59F-658A-4297-9E52-A431B2E32EE0}.Debug|Any CPU.Build.0 = Debug|Any CPU
		{CD10C59F-658A-4297-9E52-A431B2E32EE0}.Release|Any CPU.ActiveCfg = Release|Any CPU
		{CD10C59F-658A-4297-9E52-A431B2E32EE0}.Release|Any CPU.Build.0 = Release|Any CPU
		{F5A0D972-5870-4EB8-8400-F7F2435AE11C}.Debug|Any CPU.ActiveCfg = Debug|Any CPU
		{F5A0D972-5870-4EB8-8400-F7F2435AE11C}.Debug|Any CPU.Build.0 = Debug|Any CPU
		{F5A0D972-5870-4EB8-8400-F7F2435AE11C}.Release|Any CPU.ActiveCfg = Release|Any CPU
		{F5A0D972-5870-4EB8-8400-F7F2435AE11C}.Release|Any CPU.Build.0 = Release|Any CPU
	EndGlobalSection
	GlobalSection(SolutionProperties) = preSolution
		HideSolutionNode = FALSE
	EndGlobalSection
EndGlobal
